
Microsoft Visual Studio Solution File, Format Version 12.00
# Visual Studio Version 16
VisualStudioVersion = 16.0.30804.86
MinimumVisualStudioVersion = 10.0.40219.1
Project("{9A19103F-16F7-4668-BE54-9A1E7A4F7556}") = "CloudComputingAssignment2", "CloudComputingAssignment2\CloudComputingAssignment2.csproj", "{C8FA4A87-6FA1-40DC-93E7-F60E5A6EDEB1}"
EndProject
Project("{FAE04EC0-301F-11D3-BF4B-00C04F79EFBC}") = "BlazorClient", "BlazorClient\BlazorClient.csproj", "{252B1619-E5D2-4C43-9B80-65015B4C3A2D}"
EndProject
Global
	GlobalSection(SolutionConfigurationPlatforms) = preSolution
		Debug|Any CPU = Debug|Any CPU
		Release|Any CPU = Release|Any CPU
	EndGlobalSection
	GlobalSection(ProjectConfigurationPlatforms) = postSolution
		{C8FA4A87-6FA1-40DC-93E7-F60E5A6EDEB1}.Debug|Any CPU.ActiveCfg = Debug|Any CPU
		{C8FA4A87-6FA1-40DC-93E7-F60E5A6EDEB1}.Debug|Any CPU.Build.0 = Debug|Any CPU
		{C8FA4A87-6FA1-40DC-93E7-F60E5A6EDEB1}.Release|Any CPU.ActiveCfg = Release|Any CPU
		{C8FA4A87-6FA1-40DC-93E7-F60E5A6EDEB1}.Release|Any CPU.Build.0 = Release|Any CPU
		{252B1619-E5D2-4C43-9B80-65015B4C3A2D}.Debug|Any CPU.ActiveCfg = Debug|Any CPU
		{252B1619-E5D2-4C43-9B80-65015B4C3A2D}.Debug|Any CPU.Build.0 = Debug|Any CPU
		{252B1619-E5D2-4C43-9B80-65015B4C3A2D}.Release|Any CPU.ActiveCfg = Release|Any CPU
		{252B1619-E5D2-4C43-9B80-65015B4C3A2D}.Release|Any CPU.Build.0 = Release|Any CPU
	EndGlobalSection
	GlobalSection(SolutionProperties) = preSolution
		HideSolutionNode = FALSE
	EndGlobalSection
	GlobalSection(ExtensibilityGlobals) = postSolution
		SolutionGuid = {F65D01A1-B204-4E13-83FD-3A719ED9C7D8}
	EndGlobalSection
EndGlobal
